
Microsoft Visual Studio Solution File, Format Version 12.00
# Visual Studio Version 17
VisualStudioVersion = 17.14.37012.4
MinimumVisualStudioVersion = 10.0.40219.1
Project("{FAE04EC0-301F-11D3-BF4B-00C04F79EFBC}") = "ObsidianRagEngine.Console", "ObsidianRagEngine.Console\ObsidianRagEngine.Console.csproj", "{B9B41652-5CB1-4884-827B-2C0A54A45B5C}"
EndProject
Project("{E53339B2-1760-4266-BCC7-CA923CBCF16C}") = "docker-compose", "docker-compose.dcproj", "{81DDED9D-158B-E303-5F62-77A2896D2A5A}"
EndProject
Project("{FAE04EC0-301F-11D3-BF4B-00C04F79EFBC}") = "ObsidianRagEngine.Tests", "ObsidianRagEngine.Tests\ObsidianRagEngine.Tests.csproj", "{2729E2F8-B1BD-46CA-BFEC-1D6E139C840D}"
EndProject
Project("{FAE04EC0-301F-11D3-BF4B-00C04F79EFBC}") = "ObsidianRagEngine.Contracts", "ObsidianRagEngine.Contracts\ObsidianRagEngine.Contracts.csproj", "{CC136E42-8E77-4241-9329-1C0FF64A1C16}"
EndProject
Project("{2150E333-8FDC-42A3-9474-1A3956D46DE8}") = "LLM", "LLM", "{DD7B68A7-7082-7F43-535A-207B4CB941F0}"
EndProject
Project("{FAE04EC0-301F-11D3-BF4B-00C04F79EFBC}") = "ObsidianRagEngine.Llm.Shared", "LLM\ObsidianRagEngine.Llm.Shared\ObsidianRagEngine.Llm.Shared.csproj", "{F84A85A0-7D1D-4D59-A266-B3E64EAE69AC}"
EndProject
Project("{FAE04EC0-301F-11D3-BF4B-00C04F79EFBC}") = "ObsidianRagEngine.Llm.Alibaba", "LLM\ObsidianRagEngine.Llm.Alibaba\ObsidianRagEngine.Llm.Alibaba.csproj", "{33284C6D-D64C-4A5B-9717-11957F1A475D}"
EndProject
Project("{FAE04EC0-301F-11D3-BF4B-00C04F79EFBC}") = "ObsidianRagEngine.Llm.Kimi", "LLM\ObsidianRagEngine.Llm.Kimi\ObsidianRagEngine.Llm.Kimi.csproj", "{D15EA364-66F0-48A3-AEE0-25CD73ED39C2}"
EndProject
Project("{FAE04EC0-301F-11D3-BF4B-00C04F79EFBC}") = "ObsidianRagEngine.Llm.DeepSeek", "LLM\ObsidianRagEngine.Llm.DeepSeek\ObsidianRagEngine.Llm.DeepSeek.csproj", "{6832E9C7-1B26-4856-9733-CDC5EB202B3E}"
EndProject
Project("{FAE04EC0-301F-11D3-BF4B-00C04F79EFBC}") = "ObsidianRagEngine.Llm.DeepSeekOllama", "LLM\ObsidianRagEngine.Llm.DeepSeekOllama\ObsidianRagEngine.Llm.DeepSeekOllama.csproj", "{0E32E411-B4F4-49A0-8066-713DA9AAEB82}"
EndProject
Project("{2150E333-8FDC-42A3-9474-1A3956D46DE8}") = "OCR", "OCR", "{630E08D6-04FA-BCA4-1175-EEE0126773C2}"
EndProject
Project("{FAE04EC0-301F-11D3-BF4B-00C04F79EFBC}") = "ObsidianRagEngine.Ocr.Tesseract", "OCR\ObsidianRagEngine.Ocr.Tesseract\ObsidianRagEngine.Ocr.Tesseract.csproj", "{9675D2EA-9543-4079-8CD5-4A1151964F5D}"
EndProject
Project("{FAE04EC0-301F-11D3-BF4B-00C04F79EFBC}") = "ObsidianRagEngine.Ocr.Pipelines.Messenger", "OCR\ObsidianRagEngine.Ocr.Pipelines.Messenger\ObsidianRagEngine.Ocr.Pipelines.Messenger.csproj", "{322E0906-A494-48F4-B142-673B7997429F}"
EndProject
Project("{FAE04EC0-301F-11D3-BF4B-00C04F79EFBC}") = "ObsidianRagEngine.Llm.OpenRouter", "LLM\ObsidianRagEngine.Llm.OpenRouter\ObsidianRagEngine.Llm.OpenRouter.csproj", "{5B627560-2F5B-41A0-B798-0599CA767533}"
EndProject
Global
	GlobalSection(SolutionConfigurationPlatforms) = preSolution
		Debug|Any CPU = Debug|Any CPU
		Debug|x64 = Debug|x64
		Debug|x86 = Debug|x86
		Release|Any CPU = Release|Any CPU
		Release|x64 = Release|x64
		Release|x86 = Release|x86
	EndGlobalSection
	GlobalSection(ProjectConfigurationPlatforms) = postSolution
		{B9B41652-5CB1-4884-827B-2C0A54A45B5C}.Debug|Any CPU.ActiveCfg = Debug|Any CPU
		{B9B41652-5CB1-4884-827B-2C0A54A45B5C}.Debug|Any CPU.Build.0 = Debug|Any CPU
		{B9B41652-5CB1-4884-827B-2C0A54A45B5C}.Debug|x64.ActiveCfg = Debug|Any CPU
		{B9B41652-5CB1-4884-827B-2C0A54A45B5C}.Debug|x64.Build.0 = Debug|Any CPU
		{B9B41652-5CB1-4884-827B-2C0A54A45B5C}.Debug|x86.ActiveCfg = Debug|Any CPU
		{B9B41652-5CB1-4884-827B-2C0A54A45B5C}.Debug|x86.Build.0 = Debug|Any CPU
		{B9B41652-5CB1-4884-827B-2C0A54A45B5C}.Release|Any CPU.ActiveCfg = Release|Any CPU
		{B9B41652-5CB1-4884-827B-2C0A54A45B5C}.Release|Any CPU.Build.0 = Release|Any CPU
		{B9B41652-5CB1-4884-827B-2C0A54A45B5C}.Release|x64.ActiveCfg = Release|Any CPU
		{B9B41652-5CB1-4884-827B-2C0A54A45B5C}.Release|x64.Build.0 = Release|Any CPU
		{B9B41652-5CB1-4884-827B-2C0A54A45B5C}.Release|x86.ActiveCfg = Release|Any CPU
		{B9B41652-5CB1-4884-827B-2C0A54A45B5C}.Release|x86.Build.0 = Release|Any CPU
		{81DDED9D-158B-E303-5F62-77A2896D2A5A}.Debug|Any CPU.ActiveCfg = Debug|Any CPU
		{81DDED9D-158B-E303-5F62-77A2896D2A5A}.Debug|Any CPU.Build.0 = Debug|Any CPU
		{81DDED9D-158B-E303-5F62-77A2896D2A5A}.Debug|x64.ActiveCfg = Debug|x64
		{81DDED9D-158B-E303-5F62-77A2896D2A5A}.Debug|x86.ActiveCfg = Debug|x86
		{81DDED9D-158B-E303-5F62-77A2896D2A5A}.Release|Any CPU.ActiveCfg = Release|Any CPU
		{81DDED9D-158B-E303-5F62-77A2896D2A5A}.Release|Any CPU.Build.0 = Release|Any CPU
		{81DDED9D-158B-E303-5F62-77A2896D2A5A}.Release|x64.ActiveCfg = Release|x64
		{81DDED9D-158B-E303-5F62-77A2896D2A5A}.Release|x86.ActiveCfg = Release|x86
		{2729E2F8-B1BD-46CA-BFEC-1D6E139C840D}.Debug|Any CPU.ActiveCfg = Debug|Any CPU
		{2729E2F8-B1BD-46CA-BFEC-1D6E139C840D}.Debug|Any CPU.Build.0 = Debug|Any CPU
		{2729E2F8-B1BD-46CA-BFEC-1D6E139C840D}.Debug|x64.ActiveCfg = Debug|Any CPU
		{2729E2F8-B1BD-46CA-BFEC-1D6E139C840D}.Debug|x64.Build.0 = Debug|Any CPU
		{2729E2F8-B1BD-46CA-BFEC-1D6E139C840D}.Debug|x86.ActiveCfg = Debug|Any CPU
		{2729E2F8-B1BD-46CA-BFEC-1D6E139C840D}.Debug|x86.Build.0 = Debug|Any CPU
		{2729E2F8-B1BD-46CA-BFEC-1D6E139C840D}.Release|Any CPU.ActiveCfg = Release|Any CPU
		{2729E2F8-B1BD-46CA-BFEC-1D6E139C840D}.Release|Any CPU.Build.0 = Release|Any CPU
		{2729E2F8-B1BD-46CA-BFEC-1D6E139C840D}.Release|x64.ActiveCfg = Release|Any CPU
		{2729E2F8-B1BD-46CA-BFEC-1D6E139C840D}.Release|x64.Build.0 = Release|Any CPU
		{2729E2F8-B1BD-46CA-BFEC-1D6E139C840D}.Release|x86.ActiveCfg = Release|Any CPU
		{2729E2F8-B1BD-46CA-BFEC-1D6E139C840D}.Release|x86.Build.0 = Release|Any CPU
		{CC136E42-8E77-4241-9329-1C0FF64A1C16}.Debug|Any CPU.ActiveCfg = Debug|Any CPU
		{CC136E42-8E77-4241-9329-1C0FF64A1C16}.Debug|Any CPU.Build.0 = Debug|Any CPU
		{CC136E42-8E77-4241-9329-1C0FF64A1C16}.Debug|x64.ActiveCfg = Debug|Any CPU
		{CC136E42-8E77-4241-9329-1C0FF64A1C16}.Debug|x64.Build.0 = Debug|Any CPU
		{CC136E42-8E77-4241-9329-1C0FF64A1C16}.Debug|x86.ActiveCfg = Debug|Any CPU
		{CC136E42-8E77-4241-9329-1C0FF64A1C16}.Debug|x86.Build.0 = Debug|Any CPU
		{CC136E42-8E77-4241-9329-1C0FF64A1C16}.Release|Any CPU.ActiveCfg = Release|Any CPU
		{CC136E42-8E77-4241-9329-1C0FF64A1C16}.Release|Any CPU.Build.0 = Release|Any CPU
		{CC136E42-8E77-4241-9329-1C0FF64A1C16}.Release|x64.ActiveCfg = Release|Any CPU
		{CC136E42-8E77-4241-9329-1C0FF64A1C16}.Release|x64.Build.0 = Release|Any CPU
		{CC136E42-8E77-4241-9329-1C0FF64A1C16}.Release|x86.ActiveCfg = Release|Any CPU
		{CC136E42-8E77-4241-9329-1C0FF64A1C16}.Release|x86.Build.0 = Release|Any CPU
		{F84A85A0-7D1D-4D59-A266-B3E64EAE69AC}.Debug|Any CPU.ActiveCfg = Debug|Any CPU
		{F84A85A0-7D1D-4D59-A266-B3E64EAE69AC}.Debug|Any CPU.Build.0 = Debug|Any CPU
		{F84A85A0-7D1D-4D59-A266-B3E64EAE69AC}.Debug|x64.ActiveCfg = Debug|Any CPU
		{F84A85A0-7D1D-4D59-A266-B3E64EAE69AC}.Debug|x64.Build.0 = Debug|Any CPU
		{F84A85A0-7D1D-4D59-A266-B3E64EAE69AC}.Debug|x86.ActiveCfg = Debug|Any CPU
		{F84A85A0-7D1D-4D59-A266-B3E64EAE69AC}.Debug|x86.Build.0 = Debug|Any CPU
		{F84A85A0-7D1D-4D59-A266-B3E64EAE69AC}.Release|Any CPU.ActiveCfg = Release|Any CPU
		{F84A85A0-7D1D-4D59-A266-B3E64EAE69AC}.Release|Any CPU.Build.0 = Release|Any CPU
		{F84A85A0-7D1D-4D59-A266-B3E64EAE69AC}.Release|x64.ActiveCfg = Release|Any CPU
		{F84A85A0-7D1D-4D59-A266-B3E64EAE69AC}.Release|x64.Build.0 = Release|Any CPU
		{F84A85A0-7D1D-4D59-A266-B3E64EAE69AC}.Release|x86.ActiveCfg = Release|Any CPU
		{F84A85A0-7D1D-4D59-A266-B3E64EAE69AC}.Release|x86.Build.0 = Release|Any CPU
		{33284C6D-D64C-4A5B-9717-11957F1A475D}.Debug|Any CPU.ActiveCfg = Debug|Any CPU
		{33284C6D-D64C-4A5B-9717-11957F1A475D}.Debug|Any CPU.Build.0 = Debug|Any CPU
		{33284C6D-D64C-4A5B-9717-11957F1A475D}.Debug|x64.ActiveCfg = Debug|Any CPU
		{33284C6D-D64C-4A5B-9717-11957F1A475D}.Debug|x64.Build.0 = Debug|Any CPU
		{33284C6D-D64C-4A5B-9717-11957F1A475D}.Debug|x86.ActiveCfg = Debug|Any CPU
		{33284C6D-D64C-4A5B-9717-11957F1A475D}.Debug|x86.Build.0 = Debug|Any CPU
		{33284C6D-D64C-4A5B-9717-11957F1A475D}.Release|Any CPU.ActiveCfg = Release|Any CPU
		{33284C6D-D64C-4A5B-9717-11957F1A475D}.Release|Any CPU.Build.0 = Release|Any CPU
		{33284C6D-D64C-4A5B-9717-11957F1A475D}.Release|x64.ActiveCfg = Release|Any CPU
		{33284C6D-D64C-4A5B-9717-11957F1A475D}.Release|x64.Build.0 = Release|Any CPU
		{33284C6D-D64C-4A5B-9717-11957F1A475D}.Release|x86.ActiveCfg = Release|Any CPU
		{33284C6D-D64C-4A5B-9717-11957F1A475D}.Release|x86.Build.0 = Release|Any CPU
		{D15EA364-66F0-48A3-AEE0-25CD73ED39C2}.Debug|Any CPU.ActiveCfg = Debug|Any CPU
		{D15EA364-66F0-48A3-AEE0-25CD73ED39C2}.Debug|Any CPU.Build.0 = Debug|Any CPU
		{D15EA364-66F0-48A3-AEE0-25CD73ED39C2}.Debug|x64.ActiveCfg = Debug|Any CPU
		{D15EA364-66F0-48A3-AEE0-25CD73ED39C2}.Debug|x64.Build.0 = Debug|Any CPU
		{D15EA364-66F0-48A3-AEE0-25CD73ED39C2}.Debug|x86.ActiveCfg = Debug|Any CPU
		{D15EA364-66F0-48A3-AEE0-25CD73ED39C2}.Debug|x86.Build.0 = Debug|Any CPU
		{D15EA364-66F0-48A3-AEE0-25CD73ED39C2}.Release|Any CPU.ActiveCfg = Release|Any CPU
		{D15EA364-66F0-48A3-AEE0-25CD73ED39C2}.Release|Any CPU.Build.0 = Release|Any CPU
		{D15EA364-66F0-48A3-AEE0-25CD73ED39C2}.Release|x64.ActiveCfg = Release|Any CPU
		{D15EA364-66F0-48A3-AEE0-25CD73ED39C2}.Release|x64.Build.0 = Release|Any CPU
		{D15EA364-66F0-48A3-AEE0-25CD73ED39C2}.Release|x86.ActiveCfg = Release|Any CPU
		{D15EA364-66F0-48A3-AEE0-25CD73ED39C2}.Release|x86.Build.0 = Release|Any CPU
		{6832E9C7-1B26-4856-9733-CDC5EB202B3E}.Debug|Any CPU.ActiveCfg = Debug|Any CPU
		{6832E9C7-1B26-4856-9733-CDC5EB202B3E}.Debug|Any CPU.Build.0 = Debug|Any CPU
		{6832E9C7-1B26-4856-9733-CDC5EB202B3E}.Debug|x64.ActiveCfg = Debug|Any CPU
		{6832E9C7-1B26-4856-9733-CDC5EB202B3E}.Debug|x64.Build.0 = Debug|Any CPU
		{6832E9C7-1B26-4856-9733-CDC5EB202B3E}.Debug|x86.ActiveCfg = Debug|Any CPU
		{6832E9C7-1B26-4856-9733-CDC5EB202B3E}.Debug|x86.Build.0 = Debug|Any CPU
		{6832E9C7-1B26-4856-9733-CDC5EB202B3E}.Release|Any CPU.ActiveCfg = Release|Any CPU
		{6832E9C7-1B26-4856-9733-CDC5EB202B3E}.Release|Any CPU.Build.0 = Release|Any CPU
		{6832E9C7-1B26-4856-9733-CDC5EB202B3E}.Release|x64.ActiveCfg = Release|Any CPU
		{6832E9C7-1B26-4856-9733-CDC5EB202B3E}.Release|x64.Build.0 = Release|Any CPU
		{6832E9C7-1B26-4856-9733-CDC5EB202B3E}.Release|x86.ActiveCfg = Release|Any CPU
		{6832E9C7-1B26-4856-9733-CDC5EB202B3E}.Release|x86.Build.0 = Release|Any CPU
		{0E32E411-B4F4-49A0-8066-713DA9AAEB82}.Debug|Any CPU.ActiveCfg = Debug|Any CPU
		{0E32E411-B4F4-49A0-8066-713DA9AAEB82}.Debug|Any CPU.Build.0 = Debug|Any CPU
		{0E32E411-B4F4-49A0-8066-713DA9AAEB82}.Debug|x64.ActiveCfg = Debug|Any CPU
		{0E32E411-B4F4-49A0-8066-713DA9AAEB82}.Debug|x64.Build.0 = Debug|Any CPU
		{0E32E411-B4F4-49A0-8066-713DA9AAEB82}.Debug|x86.ActiveCfg = Debug|Any CPU
		{0E32E411-B4F4-49A0-8066-713DA9AAEB82}.Debug|x86.Build.0 = Debug|Any CPU
		{0E32E411-B4F4-49A0-8066-713DA9AAEB82}.Release|Any CPU.ActiveCfg = Release|Any CPU
		{0E32E411-B4F4-49A0-8066-713DA9AAEB82}.Release|Any CPU.Build.0 = Release|Any CPU
		{0E32E411-B4F4-49A0-8066-713DA9AAEB82}.Release|x64.ActiveCfg = Release|Any CPU
		{0E32E411-B4F4-49A0-8066-713DA9AAEB82}.Release|x64.Build.0 = Release|Any CPU
		{0E32E411-B4F4-49A0-8066-713DA9AAEB82}.Release|x86.ActiveCfg = Release|Any CPU
		{0E32E411-B4F4-49A0-8066-713DA9AAEB82}.Release|x86.Build.0 = Release|Any CPU
		{9675D2EA-9543-4079-8CD5-4A1151964F5D}.Debug|Any CPU.ActiveCfg = Debug|Any CPU
		{9675D2EA-9543-4079-8CD5-4A1151964F5D}.Debug|Any CPU.Build.0 = Debug|Any CPU
		{9675D2EA-9543-4079-8CD5-4A1151964F5D}.Debug|x64.ActiveCfg = Debug|Any CPU
		{9675D2EA-9543-4079-8CD5-4A1151964F5D}.Debug|x64.Build.0 = Debug|Any CPU
		{9675D2EA-9543-4079-8CD5-4A1151964F5D}.Debug|x86.ActiveCfg = Debug|Any CPU
		{9675D2EA-9543-4079-8CD5-4A1151964F5D}.Debug|x86.Build.0 = Debug|Any CPU
		{9675D2EA-9543-4079-8CD5-4A1151964F5D}.Release|Any CPU.ActiveCfg = Release|Any CPU
		{9675D2EA-9543-4079-8CD5-4A1151964F5D}.Release|Any CPU.Build.0 = Release|Any CPU
		{9675D2EA-9543-4079-8CD5-4A1151964F5D}.Release|x64.ActiveCfg = Release|Any CPU
		{9675D2EA-9543-4079-8CD5-4A1151964F5D}.Release|x64.Build.0 = Release|Any CPU
		{9675D2EA-9543-4079-8CD5-4A1151964F5D}.Release|x86.ActiveCfg = Release|Any CPU
		{9675D2EA-9543-4079-8CD5-4A1151964F5D}.Release|x86.Build.0 = Release|Any CPU
		{322E0906-A494-48F4-B142-673B7997429F}.Debug|Any CPU.ActiveCfg = Debug|Any CPU
		{322E0906-A494-48F4-B142-673B7997429F}.Debug|Any CPU.Build.0 = Debug|Any CPU
		{322E0906-A494-48F4-B142-673B7997429F}.Debug|x64.ActiveCfg = Debug|Any CPU
		{322E0906-A494-48F4-B142-673B7997429F}.Debug|x64.Build.0 = Debug|Any CPU
		{322E0906-A494-48F4-B142-673B7997429F}.Debug|x86.ActiveCfg = Debug|Any CPU
		{322E0906-A494-48F4-B142-673B7997429F}.Debug|x86.Build.0 = Debug|Any CPU
		{322E0906-A494-48F4-B142-673B7997429F}.Release|Any CPU.ActiveCfg = Release|Any CPU
		{322E0906-A494-48F4-B142-673B7997429F}.Release|Any CPU.Build.0 = Release|Any CPU
		{322E0906-A494-48F4-B142-673B7997429F}.Release|x64.ActiveCfg = Release|Any CPU
		{322E0906-A494-48F4-B142-673B7997429F}.Release|x64.Build.0 = Release|Any CPU
		{322E0906-A494-48F4-B142-673B7997429F}.Release|x86.ActiveCfg = Release|Any CPU
		{322E0906-A494-48F4-B142-673B7997429F}.Release|x86.Build.0 = Release|Any CPU
		{5B627560-2F5B-41A0-B798-0599CA767533}.Debug|Any CPU.ActiveCfg = Debug|Any CPU
		{5B627560-2F5B-41A0-B798-0599CA767533}.Debug|Any CPU.Build.0 = Debug|Any CPU
		{5B627560-2F5B-41A0-B798-0599CA767533}.Debug|x64.ActiveCfg = Debug|Any CPU
		{5B627560-2F5B-41A0-B798-0599CA767533}.Debug|x64.Build.0 = Debug|Any CPU
		{5B627560-2F5B-41A0-B798-0599CA767533}.Debug|x86.ActiveCfg = Debug|Any CPU
		{5B627560-2F5B-41A0-B798-0599CA767533}.Debug|x86.Build.0 = Debug|Any CPU
		{5B627560-2F5B-41A0-B798-0599CA767533}.Release|Any CPU.ActiveCfg = Release|Any CPU
		{5B627560-2F5B-41A0-B798-0599CA767533}.Release|Any CPU.Build.0 = Release|Any CPU
		{5B627560-2F5B-41A0-B798-0599CA767533}.Release|x64.ActiveCfg = Release|Any CPU
		{5B627560-2F5B-41A0-B798-0599CA767533}.Release|x64.Build.0 = Release|Any CPU
		{5B627560-2F5B-41A0-B798-0599CA767533}.Release|x86.ActiveCfg = Release|Any CPU
		{5B627560-2F5B-41A0-B798-0599CA767533}.Release|x86.Build.0 = Release|Any CPU
	EndGlobalSection
	GlobalSection(SolutionProperties) = preSolution
		HideSolutionNode = FALSE
	EndGlobalSection
	GlobalSection(NestedProjects) = preSolution
		{F84A85A0-7D1D-4D59-A266-B3E64EAE69AC} = {DD7B68A7-7082-7F43-535A-207B4CB941F0}
		{33284C6D-D64C-4A5B-9717-11957F1A475D} = {DD7B68A7-7082-7F43-535A-207B4CB941F0}
		{D15EA364-66F0-48A3-AEE0-25CD73ED39C2} = {DD7B68A7-7082-7F43-535A-207B4CB941F0}
		{6832E9C7-1B26-4856-9733-CDC5EB202B3E} = {DD7B68A7-7082-7F43-535A-207B4CB941F0}
		{0E32E411-B4F4-49A0-8066-713DA9AAEB82} = {DD7B68A7-7082-7F43-535A-207B4CB941F0}
		{9675D2EA-9543-4079-8CD5-4A1151964F5D} = {630E08D6-04FA-BCA4-1175-EEE0126773C2}
		{322E0906-A494-48F4-B142-673B7997429F} = {630E08D6-04FA-BCA4-1175-EEE0126773C2}
		{5B627560-2F5B-41A0-B798-0599CA767533} = {DD7B68A7-7082-7F43-535A-207B4CB941F0}
	EndGlobalSection
	GlobalSection(ExtensibilityGlobals) = postSolution
		SolutionGuid = {547C9DA8-BDF4-4E09-B87B-4E9247CA47D5}
	EndGlobalSection
EndGlobal
