
Microsoft Visual Studio Solution File, Format Version 12.00
# Visual Studio Version 17
VisualStudioVersion = 17.14.37012.4
MinimumVisualStudioVersion = 10.0.40219.1
Project("{FAE04EC0-301F-11D3-BF4B-00C04F79EFBC}") = "ObsidianRagEngine.Console", "ObsidianRagEngine.Console\ObsidianRagEngine.Console.csproj", "{B9B41652-5CB1-4884-827B-2C0A54A45B5C}"
EndProject
Project("{E53339B2-1760-4266-BCC7-CA923CBCF16C}") = "docker-compose", "docker-compose.dcproj", "{81DDED9D-158B-E303-5F62-77A2896D2A5A}"
EndProject
Project("{FAE04EC0-301F-11D3-BF4B-00C04F79EFBC}") = "ObsidianRagEngine.Tests", "ObsidianRagEngine.Tests\ObsidianRagEngine.Tests.csproj", "{2729E2F8-B1BD-46CA-BFEC-1D6E139C840D}"
EndProject
Project("{FAE04EC0-301F-11D3-BF4B-00C04F79EFBC}") = "ObsidianRagEngine.Ocr", "ObsidianRagEngine.Ocr\ObsidianRagEngine.Ocr.csproj", "{9F9D95A3-C23F-4705-AB88-EFAFCE12A5B5}"
EndProject
Project("{FAE04EC0-301F-11D3-BF4B-00C04F79EFBC}") = "ObsidianRagEngine.Llm", "ObsidianRagEngine.Llm\ObsidianRagEngine.Llm.csproj", "{8BBF0BFD-DA4B-4535-A6BC-065391C58CAB}"
EndProject
Global
	GlobalSection(SolutionConfigurationPlatforms) = preSolution
		Debug|Any CPU = Debug|Any CPU
		Debug|x64 = Debug|x64
		Debug|x86 = Debug|x86
		Release|Any CPU = Release|Any CPU
		Release|x64 = Release|x64
		Release|x86 = Release|x86
	EndGlobalSection
	GlobalSection(ProjectConfigurationPlatforms) = postSolution
		{B9B41652-5CB1-4884-827B-2C0A54A45B5C}.Debug|Any CPU.ActiveCfg = Debug|Any CPU
		{B9B41652-5CB1-4884-827B-2C0A54A45B5C}.Debug|Any CPU.Build.0 = Debug|Any CPU
		{B9B41652-5CB1-4884-827B-2C0A54A45B5C}.Debug|x64.ActiveCfg = Debug|Any CPU
		{B9B41652-5CB1-4884-827B-2C0A54A45B5C}.Debug|x64.Build.0 = Debug|Any CPU
		{B9B41652-5CB1-4884-827B-2C0A54A45B5C}.Debug|x86.ActiveCfg = Debug|Any CPU
		{B9B41652-5CB1-4884-827B-2C0A54A45B5C}.Debug|x86.Build.0 = Debug|Any CPU
		{B9B41652-5CB1-4884-827B-2C0A54A45B5C}.Release|Any CPU.ActiveCfg = Release|Any CPU
		{B9B41652-5CB1-4884-827B-2C0A54A45B5C}.Release|Any CPU.Build.0 = Release|Any CPU
		{B9B41652-5CB1-4884-827B-2C0A54A45B5C}.Release|x64.ActiveCfg = Release|Any CPU
		{B9B41652-5CB1-4884-827B-2C0A54A45B5C}.Release|x64.Build.0 = Release|Any CPU
		{B9B41652-5CB1-4884-827B-2C0A54A45B5C}.Release|x86.ActiveCfg = Release|Any CPU
		{B9B41652-5CB1-4884-827B-2C0A54A45B5C}.Release|x86.Build.0 = Release|Any CPU
		{81DDED9D-158B-E303-5F62-77A2896D2A5A}.Debug|Any CPU.ActiveCfg = Debug|Any CPU
		{81DDED9D-158B-E303-5F62-77A2896D2A5A}.Debug|Any CPU.Build.0 = Debug|Any CPU
		{81DDED9D-158B-E303-5F62-77A2896D2A5A}.Debug|x64.ActiveCfg = Debug|x64
		{81DDED9D-158B-E303-5F62-77A2896D2A5A}.Debug|x86.ActiveCfg = Debug|x86
		{81DDED9D-158B-E303-5F62-77A2896D2A5A}.Release|Any CPU.ActiveCfg = Release|Any CPU
		{81DDED9D-158B-E303-5F62-77A2896D2A5A}.Release|Any CPU.Build.0 = Release|Any CPU
		{81DDED9D-158B-E303-5F62-77A2896D2A5A}.Release|x64.ActiveCfg = Release|x64
		{81DDED9D-158B-E303-5F62-77A2896D2A5A}.Release|x86.ActiveCfg = Release|x86
		{2729E2F8-B1BD-46CA-BFEC-1D6E139C840D}.Debug|Any CPU.ActiveCfg = Debug|Any CPU
		{2729E2F8-B1BD-46CA-BFEC-1D6E139C840D}.Debug|Any CPU.Build.0 = Debug|Any CPU
		{2729E2F8-B1BD-46CA-BFEC-1D6E139C840D}.Debug|x64.ActiveCfg = Debug|Any CPU
		{2729E2F8-B1BD-46CA-BFEC-1D6E139C840D}.Debug|x64.Build.0 = Debug|Any CPU
		{2729E2F8-B1BD-46CA-BFEC-1D6E139C840D}.Debug|x86.ActiveCfg = Debug|Any CPU
		{2729E2F8-B1BD-46CA-BFEC-1D6E139C840D}.Debug|x86.Build.0 = Debug|Any CPU
		{2729E2F8-B1BD-46CA-BFEC-1D6E139C840D}.Release|Any CPU.ActiveCfg = Release|Any CPU
		{2729E2F8-B1BD-46CA-BFEC-1D6E139C840D}.Release|Any CPU.Build.0 = Release|Any CPU
		{2729E2F8-B1BD-46CA-BFEC-1D6E139C840D}.Release|x64.ActiveCfg = Release|Any CPU
		{2729E2F8-B1BD-46CA-BFEC-1D6E139C840D}.Release|x64.Build.0 = Release|Any CPU
		{2729E2F8-B1BD-46CA-BFEC-1D6E139C840D}.Release|x86.ActiveCfg = Release|Any CPU
		{2729E2F8-B1BD-46CA-BFEC-1D6E139C840D}.Release|x86.Build.0 = Release|Any CPU
		{9F9D95A3-C23F-4705-AB88-EFAFCE12A5B5}.Debug|Any CPU.ActiveCfg = Debug|Any CPU
		{9F9D95A3-C23F-4705-AB88-EFAFCE12A5B5}.Debug|Any CPU.Build.0 = Debug|Any CPU
		{9F9D95A3-C23F-4705-AB88-EFAFCE12A5B5}.Debug|x64.ActiveCfg = Debug|Any CPU
		{9F9D95A3-C23F-4705-AB88-EFAFCE12A5B5}.Debug|x64.Build.0 = Debug|Any CPU
		{9F9D95A3-C23F-4705-AB88-EFAFCE12A5B5}.Debug|x86.ActiveCfg = Debug|Any CPU
		{9F9D95A3-C23F-4705-AB88-EFAFCE12A5B5}.Debug|x86.Build.0 = Debug|Any CPU
		{9F9D95A3-C23F-4705-AB88-EFAFCE12A5B5}.Release|Any CPU.ActiveCfg = Release|Any CPU
		{9F9D95A3-C23F-4705-AB88-EFAFCE12A5B5}.Release|Any CPU.Build.0 = Release|Any CPU
		{9F9D95A3-C23F-4705-AB88-EFAFCE12A5B5}.Release|x64.ActiveCfg = Release|Any CPU
		{9F9D95A3-C23F-4705-AB88-EFAFCE12A5B5}.Release|x64.Build.0 = Release|Any CPU
		{9F9D95A3-C23F-4705-AB88-EFAFCE12A5B5}.Release|x86.ActiveCfg = Release|Any CPU
		{9F9D95A3-C23F-4705-AB88-EFAFCE12A5B5}.Release|x86.Build.0 = Release|Any CPU
		{8BBF0BFD-DA4B-4535-A6BC-065391C58CAB}.Debug|Any CPU.ActiveCfg = Debug|Any CPU
		{8BBF0BFD-DA4B-4535-A6BC-065391C58CAB}.Debug|Any CPU.Build.0 = Debug|Any CPU
		{8BBF0BFD-DA4B-4535-A6BC-065391C58CAB}.Debug|x64.ActiveCfg = Debug|Any CPU
		{8BBF0BFD-DA4B-4535-A6BC-065391C58CAB}.Debug|x64.Build.0 = Debug|Any CPU
		{8BBF0BFD-DA4B-4535-A6BC-065391C58CAB}.Debug|x86.ActiveCfg = Debug|Any CPU
		{8BBF0BFD-DA4B-4535-A6BC-065391C58CAB}.Debug|x86.Build.0 = Debug|Any CPU
		{8BBF0BFD-DA4B-4535-A6BC-065391C58CAB}.Release|Any CPU.ActiveCfg = Release|Any CPU
		{8BBF0BFD-DA4B-4535-A6BC-065391C58CAB}.Release|Any CPU.Build.0 = Release|Any CPU
		{8BBF0BFD-DA4B-4535-A6BC-065391C58CAB}.Release|x64.ActiveCfg = Release|Any CPU
		{8BBF0BFD-DA4B-4535-A6BC-065391C58CAB}.Release|x64.Build.0 = Release|Any CPU
		{8BBF0BFD-DA4B-4535-A6BC-065391C58CAB}.Release|x86.ActiveCfg = Release|Any CPU
		{8BBF0BFD-DA4B-4535-A6BC-065391C58CAB}.Release|x86.Build.0 = Release|Any CPU
	EndGlobalSection
	GlobalSection(SolutionProperties) = preSolution
		HideSolutionNode = FALSE
	EndGlobalSection
	GlobalSection(ExtensibilityGlobals) = postSolution
		SolutionGuid = {547C9DA8-BDF4-4E09-B87B-4E9247CA47D5}
	EndGlobalSection
EndGlobal
